PODS:
  - MExtensions (1.5.0):
    - SDWebImage
  - SDWebImage (4.4.3):
    - SDWebImage/Core (= 4.4.3)
  - SDWebImage/Core (4.4.3)

DEPENDENCIES:
  - MExtensions (from `../`)

SPEC REPOS:
  https://github.com/cocoapods/specs.git:
    - SDWebImage

EXTERNAL SOURCES:
  MExtensions:
    :path: "../"

SPEC CHECKSUMS:
  MExtensions: b2452831d23b9c1614f57ea40dccb3acf9f577a5
  SDWebImage: c5594f1a19c48d526d321e548902b56b479cd508

PODFILE CHECKSUM: 6fa8602a30cbe0020928bcc3652174a1a31e79d8

COCOAPODS: 1.5.3
